
Microsoft Visual Studio Solution File, Format Version 12.00
# Visual Studio Version 17
VisualStudioVersion = 17.9.34728.123
MinimumVisualStudioVersion = 10.0.40219.1
Project("{2150E333-8FDC-42A3-9474-1A3956D46DE8}") = "Core", "Core", "{8A6DA95E-2485-4319-98E4-F9913B77C55D}"
EndProject
Project("{2150E333-8FDC-42A3-9474-1A3956D46DE8}") = "Infrastructure", "Infrastructure", "{79F100B7-4622-4B75-A385-39A79BEF4CD7}"
EndProject
Project("{2150E333-8FDC-42A3-9474-1A3956D46DE8}") = "Presantation", "Presantation", "{D7763CB3-1830-4869-B202-163A5B165716}"
EndProject
Project("{9A19103F-16F7-4668-BE54-9A1E7A4F7556}") = "SUPBank.Domain", "Core\SUPBank.Domain\SUPBank.Domain.csproj", "{FC6D43A2-F88C-45F6-A351-07E94682FCC3}"
EndProject
Project("{9A19103F-16F7-4668-BE54-9A1E7A4F7556}") = "SUPBank.Application", "Core\SUPBank.Application\SUPBank.Application.csproj", "{F8E9663C-60CE-4BFD-81DC-363C29614F65}"
EndProject
Project("{9A19103F-16F7-4668-BE54-9A1E7A4F7556}") = "SUPBank.Infrastructure", "Infrastructure\SUPBank.Infrastructure\SUPBank.Infrastructure.csproj", "{A33B52C3-202D-4C4D-A706-BD0D79AECD56}"
EndProject
Project("{9A19103F-16F7-4668-BE54-9A1E7A4F7556}") = "SUPBank.Persistence", "Infrastructure\SUPBank.Persistence\SUPBank.Persistence.csproj", "{3F907E52-CE68-47CE-BB7B-FC98042B15BE}"
EndProject
Project("{9A19103F-16F7-4668-BE54-9A1E7A4F7556}") = "SUPBank.Api", "Presantation\SUPBank.Api\SUPBank.Api.csproj", "{FE49FDE3-5826-4C4B-876E-A089EE88D729}"
EndProject
Project("{2150E333-8FDC-42A3-9474-1A3956D46DE8}") = "Test", "Test", "{0ABCEC09-621E-436C-9842-1709EB2D1304}"
EndProject
Project("{9A19103F-16F7-4668-BE54-9A1E7A4F7556}") = "SUPBank.UnitTests.xUnit", "Test\SUPBank.UnitTests.xUnit\SUPBank.UnitTests.xUnit.csproj", "{3875A25E-C2E5-4031-916A-AC7E1CF3A24E}"
EndProject
Project("{2150E333-8FDC-42A3-9474-1A3956D46DE8}") = "Solution Items", "Solution Items", "{E3F04C54-653A-4CB3-BB50-27FBFA075E9F}"
	ProjectSection(SolutionItems) = preProject
		.editorconfig = .editorconfig
	EndProjectSection
EndProject
Global
	GlobalSection(SolutionConfigurationPlatforms) = preSolution
		Debug|Any CPU = Debug|Any CPU
		Release|Any CPU = Release|Any CPU
	EndGlobalSection
	GlobalSection(ProjectConfigurationPlatforms) = postSolution
		{FC6D43A2-F88C-45F6-A351-07E94682FCC3}.Debug|Any CPU.ActiveCfg = Debug|Any CPU
		{FC6D43A2-F88C-45F6-A351-07E94682FCC3}.Debug|Any CPU.Build.0 = Debug|Any CPU
		{FC6D43A2-F88C-45F6-A351-07E94682FCC3}.Release|Any CPU.ActiveCfg = Release|Any CPU
		{FC6D43A2-F88C-45F6-A351-07E94682FCC3}.Release|Any CPU.Build.0 = Release|Any CPU
		{F8E9663C-60CE-4BFD-81DC-363C29614F65}.Debug|Any CPU.ActiveCfg = Debug|Any CPU
		{F8E9663C-60CE-4BFD-81DC-363C29614F65}.Debug|Any CPU.Build.0 = Debug|Any CPU
		{F8E9663C-60CE-4BFD-81DC-363C29614F65}.Release|Any CPU.ActiveCfg = Release|Any CPU
		{F8E9663C-60CE-4BFD-81DC-363C29614F65}.Release|Any CPU.Build.0 = Release|Any CPU
		{A33B52C3-202D-4C4D-A706-BD0D79AECD56}.Debug|Any CPU.ActiveCfg = Debug|Any CPU
		{A33B52C3-202D-4C4D-A706-BD0D79AECD56}.Debug|Any CPU.Build.0 = Debug|Any CPU
		{A33B52C3-202D-4C4D-A706-BD0D79AECD56}.Release|Any CPU.ActiveCfg = Release|Any CPU
		{A33B52C3-202D-4C4D-A706-BD0D79AECD56}.Release|Any CPU.Build.0 = Release|Any CPU
		{3F907E52-CE68-47CE-BB7B-FC98042B15BE}.Debug|Any CPU.ActiveCfg = Debug|Any CPU
		{3F907E52-CE68-47CE-BB7B-FC98042B15BE}.Debug|Any CPU.Build.0 = Debug|Any CPU
		{3F907E52-CE68-47CE-BB7B-FC98042B15BE}.Release|Any CPU.ActiveCfg = Release|Any CPU
		{3F907E52-CE68-47CE-BB7B-FC98042B15BE}.Release|Any CPU.Build.0 = Release|Any CPU
		{FE49FDE3-5826-4C4B-876E-A089EE88D729}.Debug|Any CPU.ActiveCfg = Debug|Any CPU
		{FE49FDE3-5826-4C4B-876E-A089EE88D729}.Debug|Any CPU.Build.0 = Debug|Any CPU
		{FE49FDE3-5826-4C4B-876E-A089EE88D729}.Release|Any CPU.ActiveCfg = Release|Any CPU
		{FE49FDE3-5826-4C4B-876E-A089EE88D729}.Release|Any CPU.Build.0 = Release|Any CPU
		{3875A25E-C2E5-4031-916A-AC7E1CF3A24E}.Debug|Any CPU.ActiveCfg = Debug|Any CPU
		{3875A25E-C2E5-4031-916A-AC7E1CF3A24E}.Debug|Any CPU.Build.0 = Debug|Any CPU
		{3875A25E-C2E5-4031-916A-AC7E1CF3A24E}.Release|Any CPU.ActiveCfg = Release|Any CPU
		{3875A25E-C2E5-4031-916A-AC7E1CF3A24E}.Release|Any CPU.Build.0 = Release|Any CPU
	EndGlobalSection
	GlobalSection(SolutionProperties) = preSolution
		HideSolutionNode = FALSE
	EndGlobalSection
	GlobalSection(NestedProjects) = preSolution
		{FC6D43A2-F88C-45F6-A351-07E94682FCC3} = {8A6DA95E-2485-4319-98E4-F9913B77C55D}
		{F8E9663C-60CE-4BFD-81DC-363C29614F65} = {8A6DA95E-2485-4319-98E4-F9913B77C55D}
		{A33B52C3-202D-4C4D-A706-BD0D79AECD56} = {79F100B7-4622-4B75-A385-39A79BEF4CD7}
		{3F907E52-CE68-47CE-BB7B-FC98042B15BE} = {79F100B7-4622-4B75-A385-39A79BEF4CD7}
		{FE49FDE3-5826-4C4B-876E-A089EE88D729} = {D7763CB3-1830-4869-B202-163A5B165716}
		{3875A25E-C2E5-4031-916A-AC7E1CF3A24E} = {0ABCEC09-621E-436C-9842-1709EB2D1304}
	EndGlobalSection
	GlobalSection(ExtensibilityGlobals) = postSolution
		SolutionGuid = {C8D12BC3-4FC8-4D77-982E-7AEB2EEEE48C}
	EndGlobalSection
EndGlobal
